
Microsoft Visual Studio Solution File, Format Version 12.00
# Visual Studio 2012
Project("{E24C65DC-7377-472B-9ABA-BC803B73C61A}") = "Bug", ".", "{909A2167-E2F8-41A2-BF05-AF100BA99847}"
	ProjectSection(WebsiteProperties) = preProject
		TargetFrameworkMoniker = ".NETFramework,Version%3Dv4.0"
		Debug.AspNetCompiler.VirtualPath = "/Bug"
		Debug.AspNetCompiler.PhysicalPath = "..\..\..\GitHub\Bug\"
		Debug.AspNetCompiler.TargetPath = "PrecompiledWeb\Bug\"
		Debug.AspNetCompiler.Updateable = "true"
		Debug.AspNetCompiler.ForceOverwrite = "true"
		Debug.AspNetCompiler.FixedNames = "false"
		Debug.AspNetCompiler.Debug = "True"
		Release.AspNetCompiler.VirtualPath = "/Bug"
		Release.AspNetCompiler.PhysicalPath = "..\..\..\GitHub\Bug\"
		Release.AspNetCompiler.TargetPath = "PrecompiledWeb\Bug\"
		Release.AspNetCompiler.Updateable = "true"
		Release.AspNetCompiler.ForceOverwrite = "true"
		Release.AspNetCompiler.FixedNames = "false"
		Release.AspNetCompiler.Debug = "False"
		VWDPort = "5658"
	EndProjectSection
EndProject
Global
	GlobalSection(SolutionConfigurationPlatforms) = preSolution
		Debug|Any CPU = Debug|Any CPU
	EndGlobalSection
	GlobalSection(ProjectConfigurationPlatforms) = postSolution
		{909A2167-E2F8-41A2-BF05-AF100BA99847}.Debug|Any CPU.ActiveCfg = Debug|Any CPU
		{909A2167-E2F8-41A2-BF05-AF100BA99847}.Debug|Any CPU.Build.0 = Debug|Any CPU
	EndGlobalSection
	GlobalSection(SolutionProperties) = preSolution
		HideSolutionNode = FALSE
	EndGlobalSection
EndGlobal
